<?xml version="1.0" encoding="utf-8"?>
<Project ToolsVersion="4.0" xmlns="http://schemas.microsoft.com/developer/msbuild/2003">
  <ItemGroup>
    <Filter Include="Source Files">
      <UniqueIdentifier>{4FC737F1-C7A5-4376-A066-2A32D752A2FF}</UniqueIdentifier>
      <Extensions>cpp;c;cc;cxx;def;odl;idl;hpj;bat;asm;asmx</Extensions>
    </Filter>
    <Filter Include="Header Files">
      <UniqueIdentifier>{93995380-89BD-4b04-88EB-625FBE52EBFB}</UniqueIdentifier>
      <Extensions>h;hh;hpp;hxx;hm;inl;inc;xsd</Extensions>
    </Filter>
    <Filter Include="Resource Files">
      <UniqueIdentifier>{67DA6AB6-F800-4c08-8B7A-83BB121AAD01}</UniqueIdentifier>
      <Extensions>qrc;rc;ico;cur;bmp;dlg;rc2;rct;bin;rgs;gif;jpg;jpeg;jpe;resx;tiff;tif;png;wav;mfcribbon-ms</Extensions>
    </Filter>
    <Filter Include="Form Files">
      <UniqueIdentifier>{99349809-55BA-4b9d-BF79-8FDBB0286EB3}</UniqueIdentifier>
      <Extensions>ui</Extensions>
    </Filter>
    <Filter Include="Translation Files">
      <UniqueIdentifier>{639EADAA-A684-42e4-A9AD-28FC9BCB8F7C}</UniqueIdentifier>
      <Extensions>ts</Extensions>
    </Filter>
    <Filter Include="Header Files\QtFrame">
      <UniqueIdentifier>{301d2a53-0b43-4b84-9ee9-fc6acdef565d}</UniqueIdentifier>
    </Filter>
    <Filter Include="Source Files\QtFrame">
      <UniqueIdentifier>{b4f234c3-4a94-4b36-b1af-26d2104a5543}</UniqueIdentifier>
    </Filter>
    <Filter Include="Header Files\Render">
      <UniqueIdentifier>{84251181-c6bf-4b4b-92da-64a9426afe9a}</UniqueIdentifier>
    </Filter>
    <Filter Include="Source Files\Render">
      <UniqueIdentifier>{05f248ef-d4d5-4db0-a890-3e0fa689e5ad}</UniqueIdentifier>
    </Filter>
    <Filter Include="Shaders">
      <UniqueIdentifier>{3e7efe5b-3877-4f1b-becd-cb546239f9e0}</UniqueIdentifier>
    </Filter>
    <Filter Include="Header Files\Tool">
      <UniqueIdentifier>{2d8b51e3-398f-4a48-8d84-b749ce166627}</UniqueIdentifier>
    </Filter>
    <Filter Include="Source Files\Tool">
      <UniqueIdentifier>{5358ddfb-2e9d-4470-98ee-82d066589f7b}</UniqueIdentifier>
    </Filter>
    <Filter Include="Header Files\Render\Bindable">
      <UniqueIdentifier>{e6911620-35a0-4965-b701-9513af6d34a8}</UniqueIdentifier>
    </Filter>
    <Filter Include="Source Files\Render\Bindable">
      <UniqueIdentifier>{16c609cb-5cad-44e6-a4f4-2d6658cbc7cd}</UniqueIdentifier>
    </Filter>
  </ItemGroup>
  <ItemGroup>
    <QtRcc Include="DX11RenderEngine.qrc">
      <Filter>Resource Files</Filter>
    </QtRcc>
    <QtUic Include="DX11RenderEngine.ui">
      <Filter>Form Files</Filter>
    </QtUic>
  </ItemGroup>
  <ItemGroup>
    <ClCompile Include="DX11RenderEngine.cpp">
      <Filter>Source Files\QtFrame</Filter>
    </ClCompile>
    <ClCompile Include="main.cpp">
      <Filter>Source Files</Filter>
    </ClCompile>
    <ClCompile Include="Graphics.cpp">
      <Filter>Source Files\Render</Filter>
    </ClCompile>
    <ClCompile Include="RenderViewport.cpp">
      <Filter>Source Files\QtFrame</Filter>
    </ClCompile>
    <ClCompile Include="Timer.cpp">
      <Filter>Source Files\Tool</Filter>
    </ClCompile>
    <ClCompile Include="Global.cpp">
      <Filter>Source Files</Filter>
    </ClCompile>
    <ClCompile Include="Bindable.cpp">
      <Filter>Source Files\Render\Bindable</Filter>
    </ClCompile>
    <ClCompile Include="GraphicsResource.cpp">
      <Filter>Header Files\Render</Filter>
    </ClCompile>
    <ClCompile Include="VertexBuffer.cpp">
      <Filter>Source Files\Render\Bindable</Filter>
    </ClCompile>
    <ClCompile Include="VertexShader.cpp">
      <Filter>Source Files\Render\Bindable</Filter>
    </ClCompile>
    <ClCompile Include="InputLayout.cpp">
      <Filter>Source Files\Render\Bindable</Filter>
    </ClCompile>
    <ClCompile Include="PixelShader.cpp">
      <Filter>Source Files\Render\Bindable</Filter>
    </ClCompile>
    <ClCompile Include="VertexLayout.cpp">
      <Filter>Source Files\Render</Filter>
    </ClCompile>
  </ItemGroup>
  <ItemGroup>
    <QtMoc Include="DX11RenderEngine.h">
      <Filter>Header Files\QtFrame</Filter>
    </QtMoc>
    <QtMoc Include="RenderViewport.h">
      <Filter>Header Files\QtFrame</Filter>
    </QtMoc>
  </ItemGroup>
  <ItemGroup>
    <ClInclude Include="Graphics.h">
      <Filter>Header Files\Render</Filter>
    </ClInclude>
    <ClInclude Include="Timer.h">
      <Filter>Header Files\Tool</Filter>
    </ClInclude>
    <ClInclude Include="Global.h">
      <Filter>Header Files</Filter>
    </ClInclude>
    <ClInclude Include="Bindable.h">
      <Filter>Header Files\Render\Bindable</Filter>
    </ClInclude>
    <ClInclude Include="GraphicsResource.h">
      <Filter>Source Files\Render</Filter>
    </ClInclude>
    <ClInclude Include="VertexBuffer.hpp">
      <Filter>Header Files\Render\Bindable</Filter>
    </ClInclude>
    <ClInclude Include="IndexBuffer.hpp">
      <Filter>Header Files\Render\Bindable</Filter>
    </ClInclude>
    <ClInclude Include="VertexShader.h">
      <Filter>Header Files\Render\Bindable</Filter>
    </ClInclude>
    <ClInclude Include="Utili.h">
      <Filter>Header Files\Tool</Filter>
    </ClInclude>
    <ClInclude Include="InputLayout.h">
      <Filter>Header Files\Render\Bindable</Filter>
    </ClInclude>
    <ClInclude Include="PixelShader.h">
      <Filter>Header Files\Render\Bindable</Filter>
    </ClInclude>
    <ClInclude Include="VertexLayout.h">
      <Filter>Header Files\Render</Filter>
    </ClInclude>
  </ItemGroup>
  <ItemGroup>
    <QtUic Include="RenderViewport.ui">
      <Filter>Form Files</Filter>
    </QtUic>
  </ItemGroup>
  <ItemGroup>
    <FxCompile Include="VertexShader.hlsl">
      <Filter>Shaders</Filter>
    </FxCompile>
    <FxCompile Include="PixelShader.hlsl">
      <Filter>Shaders</Filter>
    </FxCompile>
  </ItemGroup>
</Project>