<?xml version="1.0" encoding="utf-8"?>
<Project ToolsVersion="4.0" xmlns="http://schemas.microsoft.com/developer/msbuild/2003">
  <ItemGroup>
    <Filter Include="Source Files">
      <UniqueIdentifier>{4FC737F1-C7A5-4376-A066-2A32D752A2FF}</UniqueIdentifier>
      <Extensions>cpp;c;cc;cxx;def;odl;idl;hpj;bat;asm;asmx</Extensions>
    </Filter>
    <Filter Include="Header Files">
      <UniqueIdentifier>{93995380-89BD-4b04-88EB-625FBE52EBFB}</UniqueIdentifier>
      <Extensions>h;hh;hpp;hxx;hm;inl;inc;xsd</Extensions>
    </Filter>
    <Filter Include="Resource Files">
      <UniqueIdentifier>{67DA6AB6-F800-4c08-8B7A-83BB121AAD01}</UniqueIdentifier>
      <Extensions>qrc;rc;ico;cur;bmp;dlg;rc2;rct;bin;rgs;gif;jpg;jpeg;jpe;resx;tiff;tif;png;wav;mfcribbon-ms</Extensions>
    </Filter>
    <Filter Include="Form Files">
      <UniqueIdentifier>{99349809-55BA-4b9d-BF79-8FDBB0286EB3}</UniqueIdentifier>
      <Extensions>ui</Extensions>
    </Filter>
    <Filter Include="Translation Files">
      <UniqueIdentifier>{639EADAA-A684-42e4-A9AD-28FC9BCB8F7C}</UniqueIdentifier>
      <Extensions>ts</Extensions>
    </Filter>
    <Filter Include="Header Files\QtFrame">
      <UniqueIdentifier>{301d2a53-0b43-4b84-9ee9-fc6acdef565d}</UniqueIdentifier>
    </Filter>
    <Filter Include="Header Files\Render">
      <UniqueIdentifier>{84251181-c6bf-4b4b-92da-64a9426afe9a}</UniqueIdentifier>
    </Filter>
    <Filter Include="Source Files\Render">
      <UniqueIdentifier>{05f248ef-d4d5-4db0-a890-3e0fa689e5ad}</UniqueIdentifier>
    </Filter>
    <Filter Include="Shaders">
      <UniqueIdentifier>{3e7efe5b-3877-4f1b-becd-cb546239f9e0}</UniqueIdentifier>
    </Filter>
    <Filter Include="Header Files\Tool">
      <UniqueIdentifier>{2d8b51e3-398f-4a48-8d84-b749ce166627}</UniqueIdentifier>
    </Filter>
    <Filter Include="Source Files\Tool">
      <UniqueIdentifier>{5358ddfb-2e9d-4470-98ee-82d066589f7b}</UniqueIdentifier>
    </Filter>
    <Filter Include="Header Files\Render\Bindable">
      <UniqueIdentifier>{e6911620-35a0-4965-b701-9513af6d34a8}</UniqueIdentifier>
    </Filter>
    <Filter Include="Source Files\Render\Bindable">
      <UniqueIdentifier>{16c609cb-5cad-44e6-a4f4-2d6658cbc7cd}</UniqueIdentifier>
    </Filter>
    <Filter Include="Header Files\Render\Drawable">
      <UniqueIdentifier>{c634cedd-a8e9-4be3-b1cb-f957130882cf}</UniqueIdentifier>
    </Filter>
    <Filter Include="Source Files\Render\Drawable">
      <UniqueIdentifier>{37d6de64-4116-4f06-87f7-acb16e6b30ba}</UniqueIdentifier>
    </Filter>
    <Filter Include="Header Files\Render\shape">
      <UniqueIdentifier>{fc066d60-0ee5-4123-a464-4da3d3109e59}</UniqueIdentifier>
    </Filter>
    <Filter Include="Source Files\Render\shape">
      <UniqueIdentifier>{616703fc-7f23-4413-b98c-ea5d3770905d}</UniqueIdentifier>
    </Filter>
    <Filter Include="Source Files\QtFrame">
      <UniqueIdentifier>{b4f234c3-4a94-4b36-b1af-26d2104a5543}</UniqueIdentifier>
    </Filter>
    <Filter Include="Header Files\Render\ResManage">
      <UniqueIdentifier>{78dcf7f4-c440-4411-8b6c-2e7e72c45b0d}</UniqueIdentifier>
    </Filter>
    <Filter Include="Source Files\Render\ResManage">
      <UniqueIdentifier>{3b5ee738-1e56-41aa-993b-f9f3fd4d7696}</UniqueIdentifier>
    </Filter>
    <Filter Include="Header Files\Render\Light">
      <UniqueIdentifier>{159e7407-d816-42fe-be40-632e382bde03}</UniqueIdentifier>
    </Filter>
    <Filter Include="Source Files\Render\Light">
      <UniqueIdentifier>{aebc07e0-3ba8-4642-9408-b0e21fa4ada7}</UniqueIdentifier>
    </Filter>
    <Filter Include="External Widgets">
      <UniqueIdentifier>{9b28e06e-2255-4664-b8d9-b1f7c0e936d4}</UniqueIdentifier>
    </Filter>
  </ItemGroup>
  <ItemGroup>
    <QtRcc Include="DX11RenderEngine.qrc">
      <Filter>Resource Files</Filter>
    </QtRcc>
    <QtUic Include="DX11RenderEngine.ui">
      <Filter>Form Files</Filter>
    </QtUic>
  </ItemGroup>
  <ItemGroup>
    <ClCompile Include="Private\QtFrame\DX11RenderEngine.cpp">
      <Filter>Source Files\QtFrame</Filter>
    </ClCompile>
    <ClCompile Include="Private\QtFrame\RenderViewport.cpp">
      <Filter>Source Files\QtFrame</Filter>
    </ClCompile>
    <ClCompile Include="Private\Render\camera.cpp">
      <Filter>Source Files\Render</Filter>
    </ClCompile>
    <ClCompile Include="Private\Render\Graphics.cpp">
      <Filter>Source Files\Render</Filter>
    </ClCompile>
    <ClCompile Include="Private\Render\GraphicsResource.cpp">
      <Filter>Source Files\Render</Filter>
    </ClCompile>
    <ClCompile Include="Private\Render\VertexLayout.cpp">
      <Filter>Source Files\Render</Filter>
    </ClCompile>
    <ClCompile Include="Private\Render\Bindable\DepthStencil.cpp">
      <Filter>Source Files\Render\Bindable</Filter>
    </ClCompile>
    <ClCompile Include="Private\Render\Bindable\IndexBuffer.cpp">
      <Filter>Source Files\Render\Bindable</Filter>
    </ClCompile>
    <ClCompile Include="Private\Render\Bindable\InputLayout.cpp">
      <Filter>Source Files\Render\Bindable</Filter>
    </ClCompile>
    <ClCompile Include="Private\Render\Bindable\PixelShader.cpp">
      <Filter>Source Files\Render\Bindable</Filter>
    </ClCompile>
    <ClCompile Include="Private\Render\Bindable\TransformBuffer.cpp">
      <Filter>Source Files\Render\Bindable</Filter>
    </ClCompile>
    <ClCompile Include="Private\Render\Bindable\VertexBuffer.cpp">
      <Filter>Source Files\Render\Bindable</Filter>
    </ClCompile>
    <ClCompile Include="Private\Render\Bindable\VertexShader.cpp">
      <Filter>Source Files\Render\Bindable</Filter>
    </ClCompile>
    <ClCompile Include="Private\Render\Drawable\Drawable.cpp">
      <Filter>Source Files\Render\Drawable</Filter>
    </ClCompile>
    <ClCompile Include="Private\Tool\Timer.cpp">
      <Filter>Source Files\Tool</Filter>
    </ClCompile>
    <ClCompile Include="Private\main.cpp">
      <Filter>Source Files</Filter>
    </ClCompile>
    <ClCompile Include="Private\Global.cpp">
      <Filter>Source Files</Filter>
    </ClCompile>
    <ClCompile Include="Private\Render\Drawable\Coordinate.cpp">
      <Filter>Source Files\Render\Drawable</Filter>
    </ClCompile>
    <ClCompile Include="Private\Render\Drawable\Box.cpp">
      <Filter>Source Files\Render\shape</Filter>
    </ClCompile>
    <ClCompile Include="Private\Render\Shape\Plane.cpp">
      <Filter>Source Files\Render\shape</Filter>
    </ClCompile>
    <ClCompile Include="Private\Render\GeometryFactory.cpp">
      <Filter>Source Files\Render</Filter>
    </ClCompile>
    <ClCompile Include="Public\Tool\Subject.cpp">
      <Filter>Source Files\Tool</Filter>
    </ClCompile>
    <ClCompile Include="Private\Render\Shape\Model.cpp">
      <Filter>Source Files\Render\shape</Filter>
    </ClCompile>
    <ClCompile Include="Private\Render\ModelResFactory.cpp">
      <Filter>Source Files\Render</Filter>
    </ClCompile>
    <ClCompile Include="Private\Render\Texture.cpp">
      <Filter>Source Files\Render</Filter>
    </ClCompile>
    <ClCompile Include="Private\Render\Mesh.cpp">
      <Filter>Source Files\Render</Filter>
    </ClCompile>
    <ClCompile Include="Private\Render\ResManage\MeshFactory.cpp">
      <Filter>Source Files\Render\ResManage</Filter>
    </ClCompile>
    <ClCompile Include="Private\Render\ResManage\TextureFactory.cpp">
      <Filter>Source Files\Render\ResManage</Filter>
    </ClCompile>
    <ClCompile Include="Private\Render\ResManage\ResManage.cpp">
      <Filter>Source Files\Render\ResManage</Filter>
    </ClCompile>
    <ClCompile Include="Private\Render\Light\Light.cpp">
      <Filter>Source Files\Render\Light</Filter>
    </ClCompile>
    <ClCompile Include="Private\Render\Bindable\LightBuffer.cpp">
      <Filter>Source Files\Render\Bindable</Filter>
    </ClCompile>
    <ClCompile Include="Private\Render\Light\DirectionalLight.cpp">
      <Filter>Source Files\Render\Light</Filter>
    </ClCompile>
    <ClCompile Include="Private\Render\Light\SpotLight.cpp">
      <Filter>Source Files\Render\Light</Filter>
    </ClCompile>
    <ClCompile Include="Public\Render\Light\LightAttribute.h">
      <Filter>Header Files\Render\Light</Filter>
    </ClCompile>
    <ClCompile Include="Private\Render\Light\PointLight.cpp">
      <Filter>Source Files\Render\Light</Filter>
    </ClCompile>
  </ItemGroup>
  <ItemGroup>
    <QtMoc Include="Public\QtFrame\DX11RenderEngine.h">
      <Filter>Header Files\QtFrame</Filter>
    </QtMoc>
    <QtMoc Include="Public\QtFrame\RenderViewport.h">
      <Filter>Header Files\QtFrame</Filter>
    </QtMoc>
  </ItemGroup>
  <ItemGroup>
    <ClInclude Include="Public\Global.h">
      <Filter>Header Files</Filter>
    </ClInclude>
    <ClInclude Include="Public\Tool\Timer.h">
      <Filter>Header Files\Tool</Filter>
    </ClInclude>
    <ClInclude Include="Public\Tool\Utili.h">
      <Filter>Header Files\Tool</Filter>
    </ClInclude>
    <ClInclude Include="Public\Render\camera.h">
      <Filter>Header Files\Render</Filter>
    </ClInclude>
    <ClInclude Include="Public\Render\Graphics.h">
      <Filter>Header Files\Render</Filter>
    </ClInclude>
    <ClInclude Include="Public\Render\GraphicsResource.h">
      <Filter>Header Files\Render</Filter>
    </ClInclude>
    <ClInclude Include="Public\Render\VertexLayout.h">
      <Filter>Header Files\Render</Filter>
    </ClInclude>
    <ClInclude Include="Public\Render\Shape\Shape.hpp">
      <Filter>Header Files\Render\shape</Filter>
    </ClInclude>
    <ClInclude Include="Public\Render\Drawable\Drawable.h">
      <Filter>Header Files\Render\Drawable</Filter>
    </ClInclude>
    <ClInclude Include="Public\Render\Bindable\BindableInterface.h">
      <Filter>Header Files\Render\Bindable</Filter>
    </ClInclude>
    <ClInclude Include="Public\Render\Bindable\ConstantBuffer.h">
      <Filter>Header Files\Render\Bindable</Filter>
    </ClInclude>
    <ClInclude Include="Public\Render\Bindable\DepthStencil.h">
      <Filter>Header Files\Render\Bindable</Filter>
    </ClInclude>
    <ClInclude Include="Public\Render\Bindable\IndexBuffer.h">
      <Filter>Header Files\Render\Bindable</Filter>
    </ClInclude>
    <ClInclude Include="Public\Render\Bindable\InputLayout.h">
      <Filter>Header Files\Render\Bindable</Filter>
    </ClInclude>
    <ClInclude Include="Public\Render\Bindable\PixelShader.h">
      <Filter>Header Files\Render\Bindable</Filter>
    </ClInclude>
    <ClInclude Include="Public\Render\Bindable\TransformBuffer.h">
      <Filter>Header Files\Render\Bindable</Filter>
    </ClInclude>
    <ClInclude Include="Public\Render\Bindable\VertexBuffer.hpp">
      <Filter>Header Files\Render\Bindable</Filter>
    </ClInclude>
    <ClInclude Include="Public\Render\Bindable\VertexShader.h">
      <Filter>Header Files\Render\Bindable</Filter>
    </ClInclude>
    <ClInclude Include="Public\Render\Drawable\Coordinate.h">
      <Filter>Header Files\Render\Drawable</Filter>
    </ClInclude>
    <ClInclude Include="Public\Render\Shape\Box.h">
      <Filter>Header Files\Render\shape</Filter>
    </ClInclude>
    <ClInclude Include="Public\Render\Shape\Plane.h">
      <Filter>Header Files\Render\shape</Filter>
    </ClInclude>
    <ClInclude Include="Public\Render\GeometryFactory.h">
      <Filter>Header Files\Render</Filter>
    </ClInclude>
    <ClInclude Include="Public\Tool\Subject.h">
      <Filter>Header Files\Tool</Filter>
    </ClInclude>
    <ClInclude Include="Public\Tool\ObserverInterface.h">
      <Filter>Header Files\Tool</Filter>
    </ClInclude>
    <ClInclude Include="Public\Render\Shape\Model.h">
      <Filter>Header Files\Render\shape</Filter>
    </ClInclude>
    <ClInclude Include="Public\Render\ModelResFactory.h">
      <Filter>Header Files\Render</Filter>
    </ClInclude>
    <ClInclude Include="Public\Render\Texture.h">
      <Filter>Header Files\Render</Filter>
    </ClInclude>
    <ClInclude Include="Public\Render\Mesh.h">
      <Filter>Header Files\Render</Filter>
    </ClInclude>
    <ClInclude Include="Public\Render\ResManage\MeshFactory.h">
      <Filter>Header Files\Render\ResManage</Filter>
    </ClInclude>
    <ClInclude Include="Public\Render\ResManage\TextureFactory.h">
      <Filter>Header Files\Render\ResManage</Filter>
    </ClInclude>
    <ClInclude Include="Public\Render\ResManage\ResManage.h">
      <Filter>Header Files\Render\ResManage</Filter>
    </ClInclude>
    <ClInclude Include="Public\Render\Light\Light.h">
      <Filter>Header Files\Render\Light</Filter>
    </ClInclude>
    <ClInclude Include="Public\Render\Bindable\LightBuffer.h">
      <Filter>Header Files\Render\Bindable</Filter>
    </ClInclude>
    <ClInclude Include="Public\Render\Light\DirectionalLight.h">
      <Filter>Header Files\Render\Light</Filter>
    </ClInclude>
    <ClInclude Include="Public\Render\Light\SpotLight.h">
      <Filter>Header Files\Render\Light</Filter>
    </ClInclude>
    <ClInclude Include="Public\Render\Light\PointLight.h">
      <Filter>Header Files\Render\Light</Filter>
    </ClInclude>
    <ClInclude Include="Public\Render\Light\LightSet.h">
      <Filter>Header Files\Render\Light</Filter>
    </ClInclude>
  </ItemGroup>
  <ItemGroup>
    <QtUic Include="RenderViewport.ui">
      <Filter>Form Files</Filter>
    </QtUic>
  </ItemGroup>
  <ItemGroup>
    <FxCompile Include="Shaders\src\PixelShader.hlsl">
      <Filter>Shaders</Filter>
    </FxCompile>
    <FxCompile Include="Shaders\src\VertexShader.hlsl">
      <Filter>Shaders</Filter>
    </FxCompile>
    <FxCompile Include="Shaders\src\InsideVshader.hlsl">
      <Filter>Shaders</Filter>
    </FxCompile>
    <FxCompile Include="Shaders\src\InsidePshader.hlsl">
      <Filter>Shaders</Filter>
    </FxCompile>
    <FxCompile Include="Shaders\src\Lambert.hlsl">
      <Filter>Shaders</Filter>
    </FxCompile>
    <FxCompile Include="Shaders\src\RawColor.hlsl">
      <Filter>Shaders</Filter>
    </FxCompile>
    <FxCompile Include="Shaders\src\p_raw_color.hlsl">
      <Filter>Shaders</Filter>
    </FxCompile>
  </ItemGroup>
</Project>